// !$*UTF8*$!
{
	archiveVersion = 1;
	classes = {
	};
	objectVersion = 50;
	objects = {

/* Begin PBXBuildFile section */
		76CA2E7D242041BB00912500 /* AppDelegate.swift in Sources */ = {isa = PBXBuildFile; fileRef = 76CA2E7C242041BB00912500 /* AppDelegate.swift */; };
		76CA2E7F242041BB00912500 /* SceneDelegate.swift in Sources */ = {isa = PBXBuildFile; fileRef = 76CA2E7E242041BB00912500 /* SceneDelegate.swift */; };
		76CA2E81242041BB00912500 /* ViewController.swift in Sources */ = {isa = PBXBuildFile; fileRef = 76CA2E80242041BB00912500 /* ViewController.swift */; };
		76CA2E84242041BB00912500 /* Main.storyboard in Resources */ = {isa = PBXBuildFile; fileRef = 76CA2E82242041BB00912500 /* Main.storyboard */; };
		76CA2E86242041BE00912500 /* Assets.xcassets in Resources */ = {isa = PBXBuildFile; fileRef = 76CA2E85242041BE00912500 /* Assets.xcassets */; };
		76CA2E89242041BE00912500 /* LaunchScreen.storyboard in Resources */ = {isa = PBXBuildFile; fileRef = 76CA2E87242041BE00912500 /* LaunchScreen.storyboard */; };
		76CA2E922420485B00912500 /* HomeViewController.swift in Sources */ = {isa = PBXBuildFile; fileRef = 76CA2E912420485B00912500 /* HomeViewController.swift */; };
		76CA2E952420498D00912500 /* DevicesListViewController.swift in Sources */ = {isa = PBXBuildFile; fileRef = 76CA2E942420498D00912500 /* DevicesListViewController.swift */; };
		76CA2E98242049D400912500 /* NetworkManager.swift in Sources */ = {isa = PBXBuildFile; fileRef = 76CA2E97242049D400912500 /* NetworkManager.swift */; };
/* End PBXBuildFile section */

/* Begin PBXFileReference section */
		76CA2E79242041BB00912500 /* ChatApp.app */ = {isa = PBXFileReference; explicitFileType = wrapper.application; includeInIndex = 0; path = ChatApp.app; sourceTree = BUILT_PRODUCTS_DIR; };
		76CA2E7C242041BB00912500 /* AppDelegate.swift */ = {isa = PBXFileReference; lastKnownFileType = sourcecode.swift; path = AppDelegate.swift; sourceTree = "<group>"; };
		76CA2E7E242041BB00912500 /* SceneDelegate.swift */ = {isa = PBXFileReference; lastKnownFileType = sourcecode.swift; path = SceneDelegate.swift; sourceTree = "<group>"; };
		76CA2E80242041BB00912500 /* ViewController.swift */ = {isa = PBXFileReference; lastKnownFileType = sourcecode.swift; path = ViewController.swift; sourceTree = "<group>"; };
		76CA2E83242041BB00912500 /* Base */ = {isa = PBXFileReference; lastKnownFileType = file.storyboard; name = Base; path = Base.lproj/Main.storyboard; sourceTree = "<group>"; };
		76CA2E85242041BE00912500 /* Assets.xcassets */ = {isa = PBXFileReference; lastKnownFileType = folder.assetcatalog; path = Assets.xcassets; sourceTree = "<group>"; };
		76CA2E88242041BE00912500 /* Base */ = {isa = PBXFileReference; lastKnownFileType = file.storyboard; name = Base; path = Base.lproj/LaunchScreen.storyboard; sourceTree = "<group>"; };
		76CA2E8A242041BE00912500 /* Info.plist */ = {isa = PBXFileReference; lastKnownFileType = text.plist.xml; path = Info.plist; sourceTree = "<group>"; };
		76CA2E912420485B00912500 /* HomeViewController.swift */ = {isa = PBXFileReference; lastKnownFileType = sourcecode.swift; path = HomeViewController.swift; sourceTree = "<group>"; };
		76CA2E942420498D00912500 /* DevicesListViewController.swift */ = {isa = PBXFileReference; lastKnownFileType = sourcecode.swift; path = DevicesListViewController.swift; sourceTree = "<group>"; };
		76CA2E97242049D400912500 /* NetworkManager.swift */ = {isa = PBXFileReference; lastKnownFileType = sourcecode.swift; path = NetworkManager.swift; sourceTree = "<group>"; };
/* End PBXFileReference section */

/* Begin PBXFrameworksBuildPhase section */
		76CA2E76242041BB00912500 /* Frameworks */ = {
			isa = PBXFrameworksBuildPhase;
			buildActionMask = 2147483647;
			files = (
			);
			runOnlyForDeploymentPostprocessing = 0;
		};
/* End PBXFrameworksBuildPhase section */

/* Begin PBXGroup section */
		76CA2E70242041BB00912500 = {
			isa = PBXGroup;
			children = (
				76CA2E7B242041BB00912500 /* ChatApp */,
				76CA2E7A242041BB00912500 /* Products */,
			);
			sourceTree = "<group>";
		};
		76CA2E7A242041BB00912500 /* Products */ = {
			isa = PBXGroup;
			children = (
				76CA2E79242041BB00912500 /* ChatApp.app */,
			);
			name = Products;
			sourceTree = "<group>";
		};
		76CA2E7B242041BB00912500 /* ChatApp */ = {
			isa = PBXGroup;
			children = (
				76CD14222420706B00E28ADE /* Util */,
				76CA2E96242049B900912500 /* Network */,
				76CA2E932420494900912500 /* DevicesList */,
				76CA2E902420483000912500 /* Home */,
				76CA2E7C242041BB00912500 /* AppDelegate.swift */,
				76CA2E7E242041BB00912500 /* SceneDelegate.swift */,
				76CA2E82242041BB00912500 /* Main.storyboard */,
				76CA2E85242041BE00912500 /* Assets.xcassets */,
				76CA2E87242041BE00912500 /* LaunchScreen.storyboard */,
				76CA2E8A242041BE00912500 /* Info.plist */,
			);
			path = ChatApp;
			sourceTree = "<group>";
		};
		76CA2E902420483000912500 /* Home */ = {
			isa = PBXGroup;
			children = (
				76CA2E80242041BB00912500 /* ViewController.swift */,
				76CA2E912420485B00912500 /* HomeViewController.swift */,
			);
			path = Home;
			sourceTree = "<group>";
		};
		76CA2E932420494900912500 /* DevicesList */ = {
			isa = PBXGroup;
			children = (
				76CA2E942420498D00912500 /* DevicesListViewController.swift */,
			);
			path = DevicesList;
			sourceTree = "<group>";
		};
		76CA2E96242049B900912500 /* Network */ = {
			isa = PBXGroup;
			children = (
				76CA2E97242049D400912500 /* NetworkManager.swift */,
			);
			path = Network;
			sourceTree = "<group>";
		};
		76CD14222420706B00E28ADE /* Util */ = {
			isa = PBXGroup;
			children = (
			);
			path = Util;
			sourceTree = "<group>";
		};
/* End PBXGroup section */

/* Begin PBXNativeTarget section */
		76CA2E78242041BB00912500 /* ChatApp */ = {
			isa = PBXNativeTarget;
			buildConfigurationList = 76CA2E8D242041BE00912500 /* Build configuration list for PBXNativeTarget "ChatApp" */;
			buildPhases = (
				76CA2E75242041BB00912500 /* Sources */,
				76CA2E76242041BB00912500 /* Frameworks */,
				76CA2E77242041BB00912500 /* Resources */,
			);
			buildRules = (
			);
			dependencies = (
			);
			name = ChatApp;
			productName = ChatApp;
			productReference = 76CA2E79242041BB00912500 /* ChatApp.app */;
			productType = "com.apple.product-type.application";
		};
/* End PBXNativeTarget section */

/* Begin PBXProject section */
		76CA2E71242041BB00912500 /* Project object */ = {
			isa = PBXProject;
			attributes = {
				LastSwiftUpdateCheck = 1130;
				LastUpgradeCheck = 1130;
				ORGANIZATIONNAME = "Roy Quesada";
				TargetAttributes = {
					76CA2E78242041BB00912500 = {
						CreatedOnToolsVersion = 11.3.1;
					};
				};
			};
			buildConfigurationList = 76CA2E74242041BB00912500 /* Build configuration list for PBXProject "ChatApp" */;
			compatibilityVersion = "Xcode 9.3";
			developmentRegion = en;
			hasScannedForEncodings = 0;
			knownRegions = (
				en,
				Base,
			);
			mainGroup = 76CA2E70242041BB00912500;
			productRefGroup = 76CA2E7A242041BB00912500 /* Products */;
			projectDirPath = "";
			projectRoot = "";
			targets = (
				76CA2E78242041BB00912500 /* ChatApp */,
			);
		};
/* End PBXProject section */

/* Begin PBXResourcesBuildPhase section */
		76CA2E77242041BB00912500 /* Resources */ = {
			isa = PBXResourcesBuildPhase;
			buildActionMask = 2147483647;
			files = (
				76CA2E89242041BE00912500 /* LaunchScreen.storyboard in Resources */,
				76CA2E86242041BE00912500 /* Assets.xcassets in Resources */,
				76CA2E84242041BB00912500 /* Main.storyboard in Resources */,
			);
			runOnlyForDeploymentPostprocessing = 0;
		};
/* End PBXResourcesBuildPhase section */

/* Begin PBXSourcesBuildPhase section */
		76CA2E75242041BB00912500 /* Sources */ = {
			isa = PBXSourcesBuildPhase;
			buildActionMask = 2147483647;
			files = (
				76CA2E98242049D400912500 /* NetworkManager.swift in Sources */,
				76CA2E81242041BB00912500 /* ViewController.swift in Sources */,
				76CA2E7D242041BB00912500 /* AppDelegate.swift in Sources */,
				76CA2E952420498D00912500 /* DevicesListViewController.swift in Sources */,
				76CA2E7F242041BB00912500 /* SceneDelegate.swift in Sources */,
				76CA2E922420485B00912500 /* HomeViewController.swift in Sources */,
			);
			runOnlyForDeploymentPostprocessing = 0;
		};
/* End PBXSourcesBuildPhase section */

/* Begin PBXVariantGroup section */
		76CA2E82242041BB00912500 /* Main.storyboard */ = {
			isa = PBXVariantGroup;
			children = (
				76CA2E83242041BB00912500 /* Base */,
			);
			name = Main.storyboard;
			sourceTree = "<group>";
		};
		76CA2E87242041BE00912500 /* LaunchScreen.storyboard */ = {
			isa = PBXVariantGroup;
			children = (
				76CA2E88242041BE00912500 /* Base */,
			);
			name = LaunchScreen.storyboard;
			sourceTree = "<group>";
		};
/* End PBXVariantGroup section */

/* Begin XCBuildConfiguration section */
		76CA2E8B242041BE00912500 /* Debug */ = {
			isa = XCBuildConfiguration;
			buildSettings = {
				ALWAYS_SEARCH_USER_PATHS = NO;
				CLANG_ANALYZER_NONNULL = YES;
				CLANG_ANALYZER_NUMBER_OBJECT_CONVERSION = YES_AGGRESSIVE;
				CLANG_CXX_LANGUAGE_STANDARD = "gnu++14";
				CLANG_CXX_LIBRARY = "libc++";
				CLANG_ENABLE_MODULES = YES;
				CLANG_ENABLE_OBJC_ARC = YES;
				CLANG_ENABLE_OBJC_WEAK = YES;
				CLANG_WARN_BLOCK_CAPTURE_AUTORELEASING = YES;
				CLANG_WARN_BOOL_CONVERSION = YES;
				CLANG_WARN_COMMA = YES;
				CLANG_WARN_CONSTANT_CONVERSION = YES;
				CLANG_WARN_DEPRECATED_OBJC_IMPLEMENTATIONS = YES;
				CLANG_WARN_DIRECT_OBJC_ISA_USAGE = YES_ERROR;
				CLANG_WARN_DOCUMENTATION_COMMENTS = YES;
				CLANG_WARN_EMPTY_BODY = YES;
				CLANG_WARN_ENUM_CONVERSION = YES;
				CLANG_WARN_INFINITE_RECURSION = YES;
				CLANG_WARN_INT_CONVERSION = YES;
				CLANG_WARN_NON_LITERAL_NULL_CONVERSION = YES;
				CLANG_WARN_OBJC_IMPLICIT_RETAIN_SELF = YES;
				CLANG_WARN_OBJC_LITERAL_CONVERSION = YES;
				CLANG_WARN_OBJC_ROOT_CLASS = YES_ERROR;
				CLANG_WARN_RANGE_LOOP_ANALYSIS = YES;
				CLANG_WARN_STRICT_PROTOTYPES = YES;
				CLANG_WARN_SUSPICIOUS_MOVE = YES;
				CLANG_WARN_UNGUARDED_AVAILABILITY = YES_AGGRESSIVE;
				CLANG_WARN_UNREACHABLE_CODE = YES;
				CLANG_WARN__DUPLICATE_METHOD_MATCH = YES;
				COPY_PHASE_STRIP = NO;
				DEBUG_INFORMATION_FORMAT = dwarf;
				ENABLE_STRICT_OBJC_MSGSEND = YES;
				ENABLE_TESTABILITY = YES;
				GCC_C_LANGUAGE_STANDARD = gnu11;
				GCC_DYNAMIC_NO_PIC = NO;
				GCC_NO_COMMON_BLOCKS = YES;
				GCC_OPTIMIZATION_LEVEL = 0;
				GCC_PREPROCESSOR_DEFINITIONS = (
					"DEBUG=1",
					"$(inherited)",
				);
				GCC_WARN_64_TO_32_BIT_CONVERSION = YES;
				GCC_WARN_ABOUT_RETURN_TYPE = YES_ERROR;
				GCC_WARN_UNDECLARED_SELECTOR = YES;
				GCC_WARN_UNINITIALIZED_AUTOS = YES_AGGRESSIVE;
				GCC_WARN_UNUSED_FUNCTION = YES;
				GCC_WARN_UNUSED_VARIABLE = YES;
				IPHONEOS_DEPLOYMENT_TARGET = 13.2;
				MTL_ENABLE_DEBUG_INFO = INCLUDE_SOURCE;
				MTL_FAST_MATH = YES;
				ONLY_ACTIVE_ARCH = YES;
				SDKROOT = iphoneos;
				SWIFT_ACTIVE_COMPILATION_CONDITIONS = DEBUG;
				SWIFT_OPTIMIZATION_LEVEL = "-Onone";
			};
			name = Debug;
		};
		76CA2E8C242041BE00912500 /* Release */ = {
			isa = XCBuildConfiguration;
			buildSettings = {
				ALWAYS_SEARCH_USER_PATHS = NO;
				CLANG_ANALYZER_NONNULL = YES;
				CLANG_ANALYZER_NUMBER_OBJECT_CONVERSION = YES_AGGRESSIVE;
				CLANG_CXX_LANGUAGE_STANDARD = "gnu++14";
				CLANG_CXX_LIBRARY = "libc++";
				CLANG_ENABLE_MODULES = YES;
				CLANG_ENABLE_OBJC_ARC = YES;
				CLANG_ENABLE_OBJC_WEAK = YES;
				CLANG_WARN_BLOCK_CAPTURE_AUTORELEASING = YES;
				CLANG_WARN_BOOL_CONVERSION = YES;
				CLANG_WARN_COMMA = YES;
				CLANG_WARN_CONSTANT_CONVERSION = YES;
				CLANG_WARN_DEPRECATED_OBJC_IMPLEMENTATIONS = YES;
				CLANG_WARN_DIRECT_OBJC_ISA_USAGE = YES_ERROR;
				CLANG_WARN_DOCUMENTATION_COMMENTS = YES;
				CLANG_WARN_EMPTY_BODY = YES;
				CLANG_WARN_ENUM_CONVERSION = YES;
				CLANG_WARN_INFINITE_RECURSION = YES;
				CLANG_WARN_INT_CONVERSION = YES;
				CLANG_WARN_NON_LITERAL_NULL_CONVERSION = YES;
				CLANG_WARN_OBJC_IMPLICIT_RETAIN_SELF = YES;
				CLANG_WARN_OBJC_LITERAL_CONVERSION = YES;
				CLANG_WARN_OBJC_ROOT_CLASS = YES_ERROR;
				CLANG_WARN_RANGE_LOOP_ANALYSIS = YES;
				CLANG_WARN_STRICT_PROTOTYPES = YES;
				CLANG_WARN_SUSPICIOUS_MOVE = YES;
				CLANG_WARN_UNGUARDED_AVAILABILITY = YES_AGGRESSIVE;
				CLANG_WARN_UNREACHABLE_CODE = YES;
				CLANG_WARN__DUPLICATE_METHOD_MATCH = YES;
				COPY_PHASE_STRIP = NO;
				DEBUG_INFORMATION_FORMAT = "dwarf-with-dsym";
				ENABLE_NS_ASSERTIONS = NO;
				ENABLE_STRICT_OBJC_MSGSEND = YES;
				GCC_C_LANGUAGE_STANDARD = gnu11;
				GCC_NO_COMMON_BLOCKS = YES;
				GCC_WARN_64_TO_32_BIT_CONVERSION = YES;
				GCC_WARN_ABOUT_RETURN_TYPE = YES_ERROR;
				GCC_WARN_UNDECLARED_SELECTOR = YES;
				GCC_WARN_UNINITIALIZED_AUTOS = YES_AGGRESSIVE;
				GCC_WARN_UNUSED_FUNCTION = YES;
				GCC_WARN_UNUSED_VARIABLE = YES;
				IPHONEOS_DEPLOYMENT_TARGET = 13.2;
				MTL_ENABLE_DEBUG_INFO = NO;
				MTL_FAST_MATH = YES;
				SDKROOT = iphoneos;
				SWIFT_COMPILATION_MODE = wholemodule;
				SWIFT_OPTIMIZATION_LEVEL = "-O";
				VALIDATE_PRODUCT = YES;
			};
			name = Release;
		};
		76CA2E8E242041BE00912500 /* Debug */ = {
			isa = XCBuildConfiguration;
			buildSettings = {
				ASSETCATALOG_COMPILER_APPICON_NAME = AppIcon;
				CODE_SIGN_STYLE = Automatic;
				DEVELOPMENT_TEAM = YBSCA9MEQ4;
				INFOPLIST_FILE = ChatApp/Info.plist;
				LD_RUNPATH_SEARCH_PATHS = (
					"$(inherited)",
					"@executable_path/Frameworks",
				);
				PRODUCT_BUNDLE_IDENTIFIER = com.test.ChatApp;
				PRODUCT_NAME = "$(TARGET_NAME)";
				SWIFT_VERSION = 5.0;
				TARGETED_DEVICE_FAMILY = "1,2";
			};
			name = Debug;
		};
		76CA2E8F242041BE00912500 /* Release */ = {
			isa = XCBuildConfiguration;
			buildSettings = {
				ASSETCATALOG_COMPILER_APPICON_NAME = AppIcon;
				CODE_SIGN_STYLE = Automatic;
				DEVELOPMENT_TEAM = YBSCA9MEQ4;
				INFOPLIST_FILE = ChatApp/Info.plist;
				LD_RUNPATH_SEARCH_PATHS = (
					"$(inherited)",
					"@executable_path/Frameworks",
				);
				PRODUCT_BUNDLE_IDENTIFIER = com.test.ChatApp;
				PRODUCT_NAME = "$(TARGET_NAME)";
				SWIFT_VERSION = 5.0;
				TARGETED_DEVICE_FAMILY = "1,2";
			};
			name = Release;
		};
/* End XCBuildConfiguration section */

/* Begin XCConfigurationList section */
		76CA2E74242041BB00912500 /* Build configuration list for PBXProject "ChatApp" */ = {
			isa = XCConfigurationList;
			buildConfigurations = (
				76CA2E8B242041BE00912500 /* Debug */,
				76CA2E8C242041BE00912500 /* Release */,
			);
			defaultConfigurationIsVisible = 0;
			defaultConfigurationName = Release;
		};
		76CA2E8D242041BE00912500 /* Build configuration list for PBXNativeTarget "ChatApp" */ = {
			isa = XCConfigurationList;
			buildConfigurations = (
				76CA2E8E242041BE00912500 /* Debug */,
				76CA2E8F242041BE00912500 /* Release */,
			);
			defaultConfigurationIsVisible = 0;
			defaultConfigurationName = Release;
		};
/* End XCConfigurationList section */
	};
	rootObject = 76CA2E71242041BB00912500 /* Project object */;
}
